
Microsoft Visual Studio Solution File, Format Version 12.00
# Visual Studio Version 17
VisualStudioVersion = 17.1.32407.343
MinimumVisualStudioVersion = 10.0.40219.1
Project("{9A19103F-16F7-4668-BE54-9A1E7A4F7556}") = "AllPatten20220520", "AllPatten20220520\AllPatten20220520.csproj", "{0D6DF167-046D-4867-B828-95F7C01BB8AD}"
EndProject
Project("{9A19103F-16F7-4668-BE54-9A1E7A4F7556}") = "StrategyPattern_Duck_1", "StrategyPatten\StrategyPattern_Duck_1.csproj", "{601D461F-8963-422E-87C8-CA6292734479}"
EndProject
Project("{9A19103F-16F7-4668-BE54-9A1E7A4F7556}") = "StrategyPattern_Duck_2", "StrategyPatten_Duck_2\StrategyPattern_Duck_2.csproj", "{20C39283-210F-48C6-A886-D0567AF819BF}"
EndProject
Project("{9A19103F-16F7-4668-BE54-9A1E7A4F7556}") = "StrategyPattern_Duck_3", "StrategyPatten_Duck_3\StrategyPattern_Duck_3.csproj", "{934D0B82-607E-49F6-83F4-F9ECF2C4840D}"
EndProject
Project("{9A19103F-16F7-4668-BE54-9A1E7A4F7556}") = "StrategyPattern_Duck_4", "StrategyPatten_Duck_4\StrategyPattern_Duck_4.csproj", "{B669FB7E-9A68-4095-9E38-2BD2872E8360}"
EndProject
Project("{9A19103F-16F7-4668-BE54-9A1E7A4F7556}") = "StrategyPattern_Compressor_1", "StrategyPatten_Compressor_1\StrategyPattern_Compressor_1.csproj", "{09B4BC0F-05A7-4399-B673-5600E4366F74}"
EndProject
Project("{9A19103F-16F7-4668-BE54-9A1E7A4F7556}") = "StrategyPattern_Compressor_2", "StrategyPatten_Compressor_2\StrategyPattern_Compressor_2.csproj", "{B5B7EBEA-7E2F-4258-ADF4-5D04C00E449C}"
EndProject
Project("{9A19103F-16F7-4668-BE54-9A1E7A4F7556}") = "DecoratorPattern_Coffee", "DecoratorPattern\DecoratorPattern_Coffee.csproj", "{2141AD8A-5C1A-4623-90C1-E2FAC5E69B82}"
EndProject
Project("{9A19103F-16F7-4668-BE54-9A1E7A4F7556}") = "DecoratorPattern_Honda_Teacher", "DecoratorPattern_Honda\DecoratorPattern_Honda_Teacher.csproj", "{4EB35725-6242-4921-9125-FB7BB130750E}"
EndProject
Project("{9A19103F-16F7-4668-BE54-9A1E7A4F7556}") = "DecoratorPattern_Honda_My", "DecoratorPattern_Honda_My\DecoratorPattern_Honda_My.csproj", "{FF17FB47-6807-4362-9BD7-D112213929F9}"
EndProject
Project("{9A19103F-16F7-4668-BE54-9A1E7A4F7556}") = "Factory Pattern_Coffee_1", "Factory Pattern_Coffee\Factory Pattern_Coffee_1.csproj", "{6A359157-AC12-488E-A539-2DDCD3C26AC0}"
EndProject
Project("{9A19103F-16F7-4668-BE54-9A1E7A4F7556}") = "Factory Pattern_Coffee_2", "Factory Pattern_Coffee_2\Factory Pattern_Coffee_2.csproj", "{8451ABB1-DF01-422E-A619-70B46C23DC32}"
EndProject
Project("{FAE04EC0-301F-11D3-BF4B-00C04F79EFBC}") = "Lab1", "Lab1\Lab1.csproj", "{992B7DF1-7BF1-454A-AD09-C1BC9AD7DAA1}"
EndProject
Global
	GlobalSection(SolutionConfigurationPlatforms) = preSolution
		Debug|Any CPU = Debug|Any CPU
		Release|Any CPU = Release|Any CPU
	EndGlobalSection
	GlobalSection(ProjectConfigurationPlatforms) = postSolution
		{0D6DF167-046D-4867-B828-95F7C01BB8AD}.Debug|Any CPU.ActiveCfg = Debug|Any CPU
		{0D6DF167-046D-4867-B828-95F7C01BB8AD}.Debug|Any CPU.Build.0 = Debug|Any CPU
		{0D6DF167-046D-4867-B828-95F7C01BB8AD}.Release|Any CPU.ActiveCfg = Release|Any CPU
		{0D6DF167-046D-4867-B828-95F7C01BB8AD}.Release|Any CPU.Build.0 = Release|Any CPU
		{601D461F-8963-422E-87C8-CA6292734479}.Debug|Any CPU.ActiveCfg = Debug|Any CPU
		{601D461F-8963-422E-87C8-CA6292734479}.Debug|Any CPU.Build.0 = Debug|Any CPU
		{601D461F-8963-422E-87C8-CA6292734479}.Release|Any CPU.ActiveCfg = Release|Any CPU
		{601D461F-8963-422E-87C8-CA6292734479}.Release|Any CPU.Build.0 = Release|Any CPU
		{20C39283-210F-48C6-A886-D0567AF819BF}.Debug|Any CPU.ActiveCfg = Debug|Any CPU
		{20C39283-210F-48C6-A886-D0567AF819BF}.Debug|Any CPU.Build.0 = Debug|Any CPU
		{20C39283-210F-48C6-A886-D0567AF819BF}.Release|Any CPU.ActiveCfg = Release|Any CPU
		{20C39283-210F-48C6-A886-D0567AF819BF}.Release|Any CPU.Build.0 = Release|Any CPU
		{934D0B82-607E-49F6-83F4-F9ECF2C4840D}.Debug|Any CPU.ActiveCfg = Debug|Any CPU
		{934D0B82-607E-49F6-83F4-F9ECF2C4840D}.Debug|Any CPU.Build.0 = Debug|Any CPU
		{934D0B82-607E-49F6-83F4-F9ECF2C4840D}.Release|Any CPU.ActiveCfg = Release|Any CPU
		{934D0B82-607E-49F6-83F4-F9ECF2C4840D}.Release|Any CPU.Build.0 = Release|Any CPU
		{B669FB7E-9A68-4095-9E38-2BD2872E8360}.Debug|Any CPU.ActiveCfg = Debug|Any CPU
		{B669FB7E-9A68-4095-9E38-2BD2872E8360}.Debug|Any CPU.Build.0 = Debug|Any CPU
		{B669FB7E-9A68-4095-9E38-2BD2872E8360}.Release|Any CPU.ActiveCfg = Release|Any CPU
		{B669FB7E-9A68-4095-9E38-2BD2872E8360}.Release|Any CPU.Build.0 = Release|Any CPU
		{09B4BC0F-05A7-4399-B673-5600E4366F74}.Debug|Any CPU.ActiveCfg = Debug|Any CPU
		{09B4BC0F-05A7-4399-B673-5600E4366F74}.Debug|Any CPU.Build.0 = Debug|Any CPU
		{09B4BC0F-05A7-4399-B673-5600E4366F74}.Release|Any CPU.ActiveCfg = Release|Any CPU
		{09B4BC0F-05A7-4399-B673-5600E4366F74}.Release|Any CPU.Build.0 = Release|Any CPU
		{B5B7EBEA-7E2F-4258-ADF4-5D04C00E449C}.Debug|Any CPU.ActiveCfg = Debug|Any CPU
		{B5B7EBEA-7E2F-4258-ADF4-5D04C00E449C}.Debug|Any CPU.Build.0 = Debug|Any CPU
		{B5B7EBEA-7E2F-4258-ADF4-5D04C00E449C}.Release|Any CPU.ActiveCfg = Release|Any CPU
		{B5B7EBEA-7E2F-4258-ADF4-5D04C00E449C}.Release|Any CPU.Build.0 = Release|Any CPU
		{2141AD8A-5C1A-4623-90C1-E2FAC5E69B82}.Debug|Any CPU.ActiveCfg = Debug|Any CPU
		{2141AD8A-5C1A-4623-90C1-E2FAC5E69B82}.Debug|Any CPU.Build.0 = Debug|Any CPU
		{2141AD8A-5C1A-4623-90C1-E2FAC5E69B82}.Release|Any CPU.ActiveCfg = Release|Any CPU
		{2141AD8A-5C1A-4623-90C1-E2FAC5E69B82}.Release|Any CPU.Build.0 = Release|Any CPU
		{4EB35725-6242-4921-9125-FB7BB130750E}.Debug|Any CPU.ActiveCfg = Debug|Any CPU
		{4EB35725-6242-4921-9125-FB7BB130750E}.Debug|Any CPU.Build.0 = Debug|Any CPU
		{4EB35725-6242-4921-9125-FB7BB130750E}.Release|Any CPU.ActiveCfg = Release|Any CPU
		{4EB35725-6242-4921-9125-FB7BB130750E}.Release|Any CPU.Build.0 = Release|Any CPU
		{FF17FB47-6807-4362-9BD7-D112213929F9}.Debug|Any CPU.ActiveCfg = Debug|Any CPU
		{FF17FB47-6807-4362-9BD7-D112213929F9}.Debug|Any CPU.Build.0 = Debug|Any CPU
		{FF17FB47-6807-4362-9BD7-D112213929F9}.Release|Any CPU.ActiveCfg = Release|Any CPU
		{FF17FB47-6807-4362-9BD7-D112213929F9}.Release|Any CPU.Build.0 = Release|Any CPU
		{6A359157-AC12-488E-A539-2DDCD3C26AC0}.Debug|Any CPU.ActiveCfg = Debug|Any CPU
		{6A359157-AC12-488E-A539-2DDCD3C26AC0}.Debug|Any CPU.Build.0 = Debug|Any CPU
		{6A359157-AC12-488E-A539-2DDCD3C26AC0}.Release|Any CPU.ActiveCfg = Release|Any CPU
		{6A359157-AC12-488E-A539-2DDCD3C26AC0}.Release|Any CPU.Build.0 = Release|Any CPU
		{8451ABB1-DF01-422E-A619-70B46C23DC32}.Debug|Any CPU.ActiveCfg = Debug|Any CPU
		{8451ABB1-DF01-422E-A619-70B46C23DC32}.Debug|Any CPU.Build.0 = Debug|Any CPU
		{8451ABB1-DF01-422E-A619-70B46C23DC32}.Release|Any CPU.ActiveCfg = Release|Any CPU
		{8451ABB1-DF01-422E-A619-70B46C23DC32}.Release|Any CPU.Build.0 = Release|Any CPU
		{992B7DF1-7BF1-454A-AD09-C1BC9AD7DAA1}.Debug|Any CPU.ActiveCfg = Debug|Any CPU
		{992B7DF1-7BF1-454A-AD09-C1BC9AD7DAA1}.Debug|Any CPU.Build.0 = Debug|Any CPU
		{992B7DF1-7BF1-454A-AD09-C1BC9AD7DAA1}.Release|Any CPU.ActiveCfg = Release|Any CPU
		{992B7DF1-7BF1-454A-AD09-C1BC9AD7DAA1}.Release|Any CPU.Build.0 = Release|Any CPU
	EndGlobalSection
	GlobalSection(SolutionProperties) = preSolution
		HideSolutionNode = FALSE
	EndGlobalSection
	GlobalSection(ExtensibilityGlobals) = postSolution
		SolutionGuid = {9CCFC623-413A-44FF-8C93-BB26095B0C1E}
	EndGlobalSection
EndGlobal
